
Microsoft Visual Studio Solution File, Format Version 12.00
# Visual Studio Version 16
VisualStudioVersion = 16.0.34301.259
MinimumVisualStudioVersion = 10.0.40219.1
Project("{2150E333-8FDC-42A3-9474-1A3956D46DE8}") = "Task0", "Task0", "{F1FA4E30-0A6B-4770-900D-8CF0DAB0A944}"
EndProject
Project("{FAE04EC0-301F-11D3-BF4B-00C04F79EFBC}") = "Tyuiu.BotterVV.Sprint5.Task0.V2", "Tyuiu.BotterVV.Sprint5.Task0.V2\Tyuiu.BotterVV.Sprint5.Task0.V2.csproj", "{521BF458-4F84-434E-B3EC-54EB1E13E2D3}"
EndProject
Project("{FAE04EC0-301F-11D3-BF4B-00C04F79EFBC}") = "Tyuiu.BotterVV.Sprint5.Task0.V2.Lib", "Tyuiu.BotterVV.Sprint5.Task0.V2.Lib\Tyuiu.BotterVV.Sprint5.Task0.V2.Lib.csproj", "{9AC6A62C-1702-445C-8A33-04AA6C50FBE4}"
EndProject
Project("{FAE04EC0-301F-11D3-BF4B-00C04F79EFBC}") = "Tyuiu.BotterVV.Sprint5.Task0.V2.Test", "Tyuiu.BotterVV.Sprint5.Task0.V2.Test\Tyuiu.BotterVV.Sprint5.Task0.V2.Test.csproj", "{CEFD5FB6-A957-4B18-BF10-28D731D16238}"
EndProject
Global
	GlobalSection(SolutionConfigurationPlatforms) = preSolution
		Debug|Any CPU = Debug|Any CPU
		Release|Any CPU = Release|Any CPU
	EndGlobalSection
	GlobalSection(ProjectConfigurationPlatforms) = postSolution
		{521BF458-4F84-434E-B3EC-54EB1E13E2D3}.Debug|Any CPU.ActiveCfg = Debug|Any CPU
		{521BF458-4F84-434E-B3EC-54EB1E13E2D3}.Debug|Any CPU.Build.0 = Debug|Any CPU
		{521BF458-4F84-434E-B3EC-54EB1E13E2D3}.Release|Any CPU.ActiveCfg = Release|Any CPU
		{521BF458-4F84-434E-B3EC-54EB1E13E2D3}.Release|Any CPU.Build.0 = Release|Any CPU
		{9AC6A62C-1702-445C-8A33-04AA6C50FBE4}.Debug|Any CPU.ActiveCfg = Debug|Any CPU
		{9AC6A62C-1702-445C-8A33-04AA6C50FBE4}.Debug|Any CPU.Build.0 = Debug|Any CPU
		{9AC6A62C-1702-445C-8A33-04AA6C50FBE4}.Release|Any CPU.ActiveCfg = Release|Any CPU
		{9AC6A62C-1702-445C-8A33-04AA6C50FBE4}.Release|Any CPU.Build.0 = Release|Any CPU
		{CEFD5FB6-A957-4B18-BF10-28D731D16238}.Debug|Any CPU.ActiveCfg = Debug|Any CPU
		{CEFD5FB6-A957-4B18-BF10-28D731D16238}.Debug|Any CPU.Build.0 = Debug|Any CPU
		{CEFD5FB6-A957-4B18-BF10-28D731D16238}.Release|Any CPU.ActiveCfg = Release|Any CPU
		{CEFD5FB6-A957-4B18-BF10-28D731D16238}.Release|Any CPU.Build.0 = Release|Any CPU
	EndGlobalSection
	GlobalSection(SolutionProperties) = preSolution
		HideSolutionNode = FALSE
	EndGlobalSection
	GlobalSection(NestedProjects) = preSolution
		{521BF458-4F84-434E-B3EC-54EB1E13E2D3} = {F1FA4E30-0A6B-4770-900D-8CF0DAB0A944}
		{9AC6A62C-1702-445C-8A33-04AA6C50FBE4} = {F1FA4E30-0A6B-4770-900D-8CF0DAB0A944}
		{CEFD5FB6-A957-4B18-BF10-28D731D16238} = {F1FA4E30-0A6B-4770-900D-8CF0DAB0A944}
	EndGlobalSection
	GlobalSection(ExtensibilityGlobals) = postSolution
		SolutionGuid = {8828D1CB-2B93-4704-B351-F03FE8BE09FD}
	EndGlobalSection
EndGlobal
