
Microsoft Visual Studio Solution File, Format Version 12.00
# Visual Studio Version 16
VisualStudioVersion = 16.0.34301.259
MinimumVisualStudioVersion = 10.0.40219.1
Project("{2150E333-8FDC-42A3-9474-1A3956D46DE8}") = "Task0", "Task0", "{F1FA4E30-0A6B-4770-900D-8CF0DAB0A944}"
EndProject
Project("{FAE04EC0-301F-11D3-BF4B-00C04F79EFBC}") = "Tyuiu.BotterVV.Sprint5.Task0.V2", "Tyuiu.BotterVV.Sprint5.Task0.V2\Tyuiu.BotterVV.Sprint5.Task0.V2.csproj", "{521BF458-4F84-434E-B3EC-54EB1E13E2D3}"
EndProject
Project("{FAE04EC0-301F-11D3-BF4B-00C04F79EFBC}") = "Tyuiu.BotterVV.Sprint5.Task0.V2.Lib", "Tyuiu.BotterVV.Sprint5.Task0.V2.Lib\Tyuiu.BotterVV.Sprint5.Task0.V2.Lib.csproj", "{9AC6A62C-1702-445C-8A33-04AA6C50FBE4}"
EndProject
Project("{FAE04EC0-301F-11D3-BF4B-00C04F79EFBC}") = "Tyuiu.BotterVV.Sprint5.Task0.V2.Test", "Tyuiu.BotterVV.Sprint5.Task0.V2.Test\Tyuiu.BotterVV.Sprint5.Task0.V2.Test.csproj", "{CEFD5FB6-A957-4B18-BF10-28D731D16238}"
EndProject
Project("{2150E333-8FDC-42A3-9474-1A3956D46DE8}") = "Task1", "Task1", "{946557AF-F060-422E-A17D-EFC09F155528}"
EndProject
Project("{FAE04EC0-301F-11D3-BF4B-00C04F79EFBC}") = "Tyuiu.BotterVV.Sprint5.Task1.V30", "Tyuiu.BotterVV.Sprint5.Task1.V30\Tyuiu.BotterVV.Sprint5.Task1.V30.csproj", "{9AE776C6-635D-4695-8741-F52F7DD6D131}"
EndProject
Project("{FAE04EC0-301F-11D3-BF4B-00C04F79EFBC}") = "Tyuiu.BotterVV.Sprint5.Task1.V30.Test", "Tyuiu.BotterVV.Sprint5.Task1.V30.Test\Tyuiu.BotterVV.Sprint5.Task1.V30.Test.csproj", "{F50A9B15-1694-43A5-A8C2-8065AD4A53E4}"
EndProject
Project("{FAE04EC0-301F-11D3-BF4B-00C04F79EFBC}") = "Tyuiu.BotterVV.Sprint5.Task1.V30.Lib", "Tyuiu.BotterVV.Sprint5.Task1.V30.Lib\Tyuiu.BotterVV.Sprint5.Task1.V30.Lib.csproj", "{849C93FE-3EA2-42A6-AD24-633A906A895C}"
EndProject
Project("{2150E333-8FDC-42A3-9474-1A3956D46DE8}") = "Task2", "Task2", "{881D0F38-F98D-464D-8CBE-03CD6766AC7C}"
EndProject
Project("{FAE04EC0-301F-11D3-BF4B-00C04F79EFBC}") = "Tyuiu.BotterVV.Sprint5.Task2.V10", "Tyuiu.BotterVV.Sprint5.Task2.V10\Tyuiu.BotterVV.Sprint5.Task2.V10.csproj", "{F6B6F338-1667-4DA8-9158-90CC7BBE981A}"
EndProject
Project("{FAE04EC0-301F-11D3-BF4B-00C04F79EFBC}") = "Tyuiu.BotterVV.Sprint5.Task2.V10.Lib", "Tyuiu.BotterVV.Sprint5.Task2.V10.Lib\Tyuiu.BotterVV.Sprint5.Task2.V10.Lib.csproj", "{7EFF65C1-7E38-460A-9799-16F2371A410C}"
EndProject
Project("{FAE04EC0-301F-11D3-BF4B-00C04F79EFBC}") = "Tyuiu.BotterVV.Sprint5.Task2.V10.Test", "Tyuiu.BotterVV.Sprint5.Task2.V10.Test\Tyuiu.BotterVV.Sprint5.Task2.V10.Test.csproj", "{9E9E0E2D-2FD3-4919-8C9D-86BC7D7F888F}"
EndProject
Project("{2150E333-8FDC-42A3-9474-1A3956D46DE8}") = "Task3", "Task3", "{75A4733F-491C-4B9D-848B-B5BEF1DCB505}"
EndProject
Project("{FAE04EC0-301F-11D3-BF4B-00C04F79EFBC}") = "Tyuiu.BotterVV.Sprint5.Task3.V2", "Tyuiu.BotterVV.Sprint5.Task3.V2\Tyuiu.BotterVV.Sprint5.Task3.V2.csproj", "{F798B4C2-3975-4EBB-BFC8-36D4431D0693}"
EndProject
Project("{FAE04EC0-301F-11D3-BF4B-00C04F79EFBC}") = "Tyuiu.BotterVV.Sprint5.Task3.V2.Test", "Tyuiu.BotterVV.Sprint5.Task3.V2.Test\Tyuiu.BotterVV.Sprint5.Task3.V2.Test.csproj", "{B71809AC-E32B-451C-AAEE-B0DB5399452B}"
EndProject
Project("{FAE04EC0-301F-11D3-BF4B-00C04F79EFBC}") = "Tyuiu.BotterVV.Sprint5.Task3.V2.Lib", "Tyuiu.BotterVV.Sprint5.Task3.V2.Lib\Tyuiu.BotterVV.Sprint5.Task3.V2.Lib.csproj", "{F8AD7791-85F2-4080-A4C1-B11B953FEBD9}"
EndProject
Project("{2150E333-8FDC-42A3-9474-1A3956D46DE8}") = "Task4", "Task4", "{76D0629A-0A2A-4EA1-BD57-E8CDDE16767C}"
EndProject
Project("{FAE04EC0-301F-11D3-BF4B-00C04F79EFBC}") = "Tyuiu.BotterVV.Sprint5.Task4.V29", "Tyuiu.BotterVV.Sprint5.Task4.V29\Tyuiu.BotterVV.Sprint5.Task4.V29.csproj", "{96B10875-F0EE-4A67-8BFA-629CE1510218}"
EndProject
Project("{FAE04EC0-301F-11D3-BF4B-00C04F79EFBC}") = "Tyuiu.BotterVV.Sprint5.Task4.V29.Lib", "Tyuiu.BotterVV.Sprint5.Task4.V29.Lib\Tyuiu.BotterVV.Sprint5.Task4.V29.Lib.csproj", "{6CABDC0A-9A87-4038-9011-9459D7E3F4E0}"
EndProject
Project("{FAE04EC0-301F-11D3-BF4B-00C04F79EFBC}") = "Tyuiu.BotterVV.Sprint5.Task4.V29.Test", "Tyuiu.BotterVV.Sprint5.Task4.V29.Test\Tyuiu.BotterVV.Sprint5.Task4.V29.Test.csproj", "{7C77DDBD-1E98-44C5-94EA-5E947D3C12E4}"
EndProject
Project("{2150E333-8FDC-42A3-9474-1A3956D46DE8}") = "Task5", "Task5", "{4CD11244-249E-4561-A30E-FBF9E7A22833}"
EndProject
Project("{FAE04EC0-301F-11D3-BF4B-00C04F79EFBC}") = "Tyuiu.BotterVV.Sprint5.Task5.V24", "Tyuiu.BotterVV.Sprint5.Task5.V24\Tyuiu.BotterVV.Sprint5.Task5.V24.csproj", "{972B7D51-702E-4751-91D1-AA29991C04DA}"
EndProject
Project("{FAE04EC0-301F-11D3-BF4B-00C04F79EFBC}") = "Tyuiu.BotterVV.Sprint5.Task5.V24.Test", "Tyuiu.BotterVV.Sprint5.Task5.V24.Test\Tyuiu.BotterVV.Sprint5.Task5.V24.Test.csproj", "{F6E319D9-C79C-407D-B9A0-EBA3AF4B393C}"
EndProject
Project("{FAE04EC0-301F-11D3-BF4B-00C04F79EFBC}") = "Tyuiu.BotterVV.Sprint5.Task5.V24.Lib", "Tyuiu.BotterVV.Sprint5.Task5.V24.Lib\Tyuiu.BotterVV.Sprint5.Task5.V24.Lib.csproj", "{BC675A46-2B16-4F04-921C-8C85DFE2D654}"
EndProject
Project("{2150E333-8FDC-42A3-9474-1A3956D46DE8}") = "Task6", "Task6", "{08551E87-6437-4615-9327-46C0621757C3}"
EndProject
Project("{FAE04EC0-301F-11D3-BF4B-00C04F79EFBC}") = "Tyuiu.BotterVV.Sprint5.Task6.V4", "Tyuiu.BotterVV.Sprint5.Task6.V4\Tyuiu.BotterVV.Sprint5.Task6.V4.csproj", "{A4E06681-442C-4383-8E23-60AC54746D8A}"
EndProject
Project("{FAE04EC0-301F-11D3-BF4B-00C04F79EFBC}") = "Tyuiu.BotterVV.Sprint5.Task6.V4.Lib", "Tyuiu.BotterVV.Sprint5.Task6.V4.Lib\Tyuiu.BotterVV.Sprint5.Task6.V4.Lib.csproj", "{11FC8A8D-B2D1-4E92-B071-6395199780AB}"
EndProject
Project("{FAE04EC0-301F-11D3-BF4B-00C04F79EFBC}") = "Tyuiu.BotterVV.Sprint5.Task6.V4.Test", "Tyuiu.BotterVV.Sprint5.Task6.V4.Test\Tyuiu.BotterVV.Sprint5.Task6.V4.Test.csproj", "{462CBDFE-8886-400C-8E7C-E31031B34917}"
EndProject
Global
	GlobalSection(SolutionConfigurationPlatforms) = preSolution
		Debug|Any CPU = Debug|Any CPU
		Release|Any CPU = Release|Any CPU
	EndGlobalSection
	GlobalSection(ProjectConfigurationPlatforms) = postSolution
		{521BF458-4F84-434E-B3EC-54EB1E13E2D3}.Debug|Any CPU.ActiveCfg = Debug|Any CPU
		{521BF458-4F84-434E-B3EC-54EB1E13E2D3}.Debug|Any CPU.Build.0 = Debug|Any CPU
		{521BF458-4F84-434E-B3EC-54EB1E13E2D3}.Release|Any CPU.ActiveCfg = Release|Any CPU
		{521BF458-4F84-434E-B3EC-54EB1E13E2D3}.Release|Any CPU.Build.0 = Release|Any CPU
		{9AC6A62C-1702-445C-8A33-04AA6C50FBE4}.Debug|Any CPU.ActiveCfg = Debug|Any CPU
		{9AC6A62C-1702-445C-8A33-04AA6C50FBE4}.Debug|Any CPU.Build.0 = Debug|Any CPU
		{9AC6A62C-1702-445C-8A33-04AA6C50FBE4}.Release|Any CPU.ActiveCfg = Release|Any CPU
		{9AC6A62C-1702-445C-8A33-04AA6C50FBE4}.Release|Any CPU.Build.0 = Release|Any CPU
		{CEFD5FB6-A957-4B18-BF10-28D731D16238}.Debug|Any CPU.ActiveCfg = Debug|Any CPU
		{CEFD5FB6-A957-4B18-BF10-28D731D16238}.Debug|Any CPU.Build.0 = Debug|Any CPU
		{CEFD5FB6-A957-4B18-BF10-28D731D16238}.Release|Any CPU.ActiveCfg = Release|Any CPU
		{CEFD5FB6-A957-4B18-BF10-28D731D16238}.Release|Any CPU.Build.0 = Release|Any CPU
		{9AE776C6-635D-4695-8741-F52F7DD6D131}.Debug|Any CPU.ActiveCfg = Debug|Any CPU
		{9AE776C6-635D-4695-8741-F52F7DD6D131}.Debug|Any CPU.Build.0 = Debug|Any CPU
		{9AE776C6-635D-4695-8741-F52F7DD6D131}.Release|Any CPU.ActiveCfg = Release|Any CPU
		{9AE776C6-635D-4695-8741-F52F7DD6D131}.Release|Any CPU.Build.0 = Release|Any CPU
		{F50A9B15-1694-43A5-A8C2-8065AD4A53E4}.Debug|Any CPU.ActiveCfg = Debug|Any CPU
		{F50A9B15-1694-43A5-A8C2-8065AD4A53E4}.Debug|Any CPU.Build.0 = Debug|Any CPU
		{F50A9B15-1694-43A5-A8C2-8065AD4A53E4}.Release|Any CPU.ActiveCfg = Release|Any CPU
		{F50A9B15-1694-43A5-A8C2-8065AD4A53E4}.Release|Any CPU.Build.0 = Release|Any CPU
		{849C93FE-3EA2-42A6-AD24-633A906A895C}.Debug|Any CPU.ActiveCfg = Debug|Any CPU
		{849C93FE-3EA2-42A6-AD24-633A906A895C}.Debug|Any CPU.Build.0 = Debug|Any CPU
		{849C93FE-3EA2-42A6-AD24-633A906A895C}.Release|Any CPU.ActiveCfg = Release|Any CPU
		{849C93FE-3EA2-42A6-AD24-633A906A895C}.Release|Any CPU.Build.0 = Release|Any CPU
		{F6B6F338-1667-4DA8-9158-90CC7BBE981A}.Debug|Any CPU.ActiveCfg = Debug|Any CPU
		{F6B6F338-1667-4DA8-9158-90CC7BBE981A}.Debug|Any CPU.Build.0 = Debug|Any CPU
		{F6B6F338-1667-4DA8-9158-90CC7BBE981A}.Release|Any CPU.ActiveCfg = Release|Any CPU
		{F6B6F338-1667-4DA8-9158-90CC7BBE981A}.Release|Any CPU.Build.0 = Release|Any CPU
		{7EFF65C1-7E38-460A-9799-16F2371A410C}.Debug|Any CPU.ActiveCfg = Debug|Any CPU
		{7EFF65C1-7E38-460A-9799-16F2371A410C}.Debug|Any CPU.Build.0 = Debug|Any CPU
		{7EFF65C1-7E38-460A-9799-16F2371A410C}.Release|Any CPU.ActiveCfg = Release|Any CPU
		{7EFF65C1-7E38-460A-9799-16F2371A410C}.Release|Any CPU.Build.0 = Release|Any CPU
		{9E9E0E2D-2FD3-4919-8C9D-86BC7D7F888F}.Debug|Any CPU.ActiveCfg = Debug|Any CPU
		{9E9E0E2D-2FD3-4919-8C9D-86BC7D7F888F}.Debug|Any CPU.Build.0 = Debug|Any CPU
		{9E9E0E2D-2FD3-4919-8C9D-86BC7D7F888F}.Release|Any CPU.ActiveCfg = Release|Any CPU
		{9E9E0E2D-2FD3-4919-8C9D-86BC7D7F888F}.Release|Any CPU.Build.0 = Release|Any CPU
		{F798B4C2-3975-4EBB-BFC8-36D4431D0693}.Debug|Any CPU.ActiveCfg = Debug|Any CPU
		{F798B4C2-3975-4EBB-BFC8-36D4431D0693}.Debug|Any CPU.Build.0 = Debug|Any CPU
		{F798B4C2-3975-4EBB-BFC8-36D4431D0693}.Release|Any CPU.ActiveCfg = Release|Any CPU
		{F798B4C2-3975-4EBB-BFC8-36D4431D0693}.Release|Any CPU.Build.0 = Release|Any CPU
		{B71809AC-E32B-451C-AAEE-B0DB5399452B}.Debug|Any CPU.ActiveCfg = Debug|Any CPU
		{B71809AC-E32B-451C-AAEE-B0DB5399452B}.Debug|Any CPU.Build.0 = Debug|Any CPU
		{B71809AC-E32B-451C-AAEE-B0DB5399452B}.Release|Any CPU.ActiveCfg = Release|Any CPU
		{B71809AC-E32B-451C-AAEE-B0DB5399452B}.Release|Any CPU.Build.0 = Release|Any CPU
		{F8AD7791-85F2-4080-A4C1-B11B953FEBD9}.Debug|Any CPU.ActiveCfg = Debug|Any CPU
		{F8AD7791-85F2-4080-A4C1-B11B953FEBD9}.Debug|Any CPU.Build.0 = Debug|Any CPU
		{F8AD7791-85F2-4080-A4C1-B11B953FEBD9}.Release|Any CPU.ActiveCfg = Release|Any CPU
		{F8AD7791-85F2-4080-A4C1-B11B953FEBD9}.Release|Any CPU.Build.0 = Release|Any CPU
		{96B10875-F0EE-4A67-8BFA-629CE1510218}.Debug|Any CPU.ActiveCfg = Debug|Any CPU
		{96B10875-F0EE-4A67-8BFA-629CE1510218}.Debug|Any CPU.Build.0 = Debug|Any CPU
		{96B10875-F0EE-4A67-8BFA-629CE1510218}.Release|Any CPU.ActiveCfg = Release|Any CPU
		{96B10875-F0EE-4A67-8BFA-629CE1510218}.Release|Any CPU.Build.0 = Release|Any CPU
		{6CABDC0A-9A87-4038-9011-9459D7E3F4E0}.Debug|Any CPU.ActiveCfg = Debug|Any CPU
		{6CABDC0A-9A87-4038-9011-9459D7E3F4E0}.Debug|Any CPU.Build.0 = Debug|Any CPU
		{6CABDC0A-9A87-4038-9011-9459D7E3F4E0}.Release|Any CPU.ActiveCfg = Release|Any CPU
		{6CABDC0A-9A87-4038-9011-9459D7E3F4E0}.Release|Any CPU.Build.0 = Release|Any CPU
		{7C77DDBD-1E98-44C5-94EA-5E947D3C12E4}.Debug|Any CPU.ActiveCfg = Debug|Any CPU
		{7C77DDBD-1E98-44C5-94EA-5E947D3C12E4}.Debug|Any CPU.Build.0 = Debug|Any CPU
		{7C77DDBD-1E98-44C5-94EA-5E947D3C12E4}.Release|Any CPU.ActiveCfg = Release|Any CPU
		{7C77DDBD-1E98-44C5-94EA-5E947D3C12E4}.Release|Any CPU.Build.0 = Release|Any CPU
		{972B7D51-702E-4751-91D1-AA29991C04DA}.Debug|Any CPU.ActiveCfg = Debug|Any CPU
		{972B7D51-702E-4751-91D1-AA29991C04DA}.Debug|Any CPU.Build.0 = Debug|Any CPU
		{972B7D51-702E-4751-91D1-AA29991C04DA}.Release|Any CPU.ActiveCfg = Release|Any CPU
		{972B7D51-702E-4751-91D1-AA29991C04DA}.Release|Any CPU.Build.0 = Release|Any CPU
		{F6E319D9-C79C-407D-B9A0-EBA3AF4B393C}.Debug|Any CPU.ActiveCfg = Debug|Any CPU
		{F6E319D9-C79C-407D-B9A0-EBA3AF4B393C}.Debug|Any CPU.Build.0 = Debug|Any CPU
		{F6E319D9-C79C-407D-B9A0-EBA3AF4B393C}.Release|Any CPU.ActiveCfg = Release|Any CPU
		{F6E319D9-C79C-407D-B9A0-EBA3AF4B393C}.Release|Any CPU.Build.0 = Release|Any CPU
		{BC675A46-2B16-4F04-921C-8C85DFE2D654}.Debug|Any CPU.ActiveCfg = Debug|Any CPU
		{BC675A46-2B16-4F04-921C-8C85DFE2D654}.Debug|Any CPU.Build.0 = Debug|Any CPU
		{BC675A46-2B16-4F04-921C-8C85DFE2D654}.Release|Any CPU.ActiveCfg = Release|Any CPU
		{BC675A46-2B16-4F04-921C-8C85DFE2D654}.Release|Any CPU.Build.0 = Release|Any CPU
		{A4E06681-442C-4383-8E23-60AC54746D8A}.Debug|Any CPU.ActiveCfg = Debug|Any CPU
		{A4E06681-442C-4383-8E23-60AC54746D8A}.Debug|Any CPU.Build.0 = Debug|Any CPU
		{A4E06681-442C-4383-8E23-60AC54746D8A}.Release|Any CPU.ActiveCfg = Release|Any CPU
		{A4E06681-442C-4383-8E23-60AC54746D8A}.Release|Any CPU.Build.0 = Release|Any CPU
		{11FC8A8D-B2D1-4E92-B071-6395199780AB}.Debug|Any CPU.ActiveCfg = Debug|Any CPU
		{11FC8A8D-B2D1-4E92-B071-6395199780AB}.Debug|Any CPU.Build.0 = Debug|Any CPU
		{11FC8A8D-B2D1-4E92-B071-6395199780AB}.Release|Any CPU.ActiveCfg = Release|Any CPU
		{11FC8A8D-B2D1-4E92-B071-6395199780AB}.Release|Any CPU.Build.0 = Release|Any CPU
		{462CBDFE-8886-400C-8E7C-E31031B34917}.Debug|Any CPU.ActiveCfg = Debug|Any CPU
		{462CBDFE-8886-400C-8E7C-E31031B34917}.Debug|Any CPU.Build.0 = Debug|Any CPU
		{462CBDFE-8886-400C-8E7C-E31031B34917}.Release|Any CPU.ActiveCfg = Release|Any CPU
		{462CBDFE-8886-400C-8E7C-E31031B34917}.Release|Any CPU.Build.0 = Release|Any CPU
	EndGlobalSection
	GlobalSection(SolutionProperties) = preSolution
		HideSolutionNode = FALSE
	EndGlobalSection
	GlobalSection(NestedProjects) = preSolution
		{521BF458-4F84-434E-B3EC-54EB1E13E2D3} = {F1FA4E30-0A6B-4770-900D-8CF0DAB0A944}
		{9AC6A62C-1702-445C-8A33-04AA6C50FBE4} = {F1FA4E30-0A6B-4770-900D-8CF0DAB0A944}
		{CEFD5FB6-A957-4B18-BF10-28D731D16238} = {F1FA4E30-0A6B-4770-900D-8CF0DAB0A944}
		{9AE776C6-635D-4695-8741-F52F7DD6D131} = {946557AF-F060-422E-A17D-EFC09F155528}
		{F50A9B15-1694-43A5-A8C2-8065AD4A53E4} = {946557AF-F060-422E-A17D-EFC09F155528}
		{849C93FE-3EA2-42A6-AD24-633A906A895C} = {946557AF-F060-422E-A17D-EFC09F155528}
		{F6B6F338-1667-4DA8-9158-90CC7BBE981A} = {881D0F38-F98D-464D-8CBE-03CD6766AC7C}
		{7EFF65C1-7E38-460A-9799-16F2371A410C} = {881D0F38-F98D-464D-8CBE-03CD6766AC7C}
		{9E9E0E2D-2FD3-4919-8C9D-86BC7D7F888F} = {881D0F38-F98D-464D-8CBE-03CD6766AC7C}
		{F798B4C2-3975-4EBB-BFC8-36D4431D0693} = {75A4733F-491C-4B9D-848B-B5BEF1DCB505}
		{B71809AC-E32B-451C-AAEE-B0DB5399452B} = {75A4733F-491C-4B9D-848B-B5BEF1DCB505}
		{F8AD7791-85F2-4080-A4C1-B11B953FEBD9} = {75A4733F-491C-4B9D-848B-B5BEF1DCB505}
		{96B10875-F0EE-4A67-8BFA-629CE1510218} = {76D0629A-0A2A-4EA1-BD57-E8CDDE16767C}
		{6CABDC0A-9A87-4038-9011-9459D7E3F4E0} = {76D0629A-0A2A-4EA1-BD57-E8CDDE16767C}
		{7C77DDBD-1E98-44C5-94EA-5E947D3C12E4} = {76D0629A-0A2A-4EA1-BD57-E8CDDE16767C}
		{972B7D51-702E-4751-91D1-AA29991C04DA} = {4CD11244-249E-4561-A30E-FBF9E7A22833}
		{F6E319D9-C79C-407D-B9A0-EBA3AF4B393C} = {4CD11244-249E-4561-A30E-FBF9E7A22833}
		{BC675A46-2B16-4F04-921C-8C85DFE2D654} = {4CD11244-249E-4561-A30E-FBF9E7A22833}
		{A4E06681-442C-4383-8E23-60AC54746D8A} = {08551E87-6437-4615-9327-46C0621757C3}
		{11FC8A8D-B2D1-4E92-B071-6395199780AB} = {08551E87-6437-4615-9327-46C0621757C3}
		{462CBDFE-8886-400C-8E7C-E31031B34917} = {08551E87-6437-4615-9327-46C0621757C3}
	EndGlobalSection
	GlobalSection(ExtensibilityGlobals) = postSolution
		SolutionGuid = {8828D1CB-2B93-4704-B351-F03FE8BE09FD}
	EndGlobalSection
EndGlobal
